PODS:
  - Alamofire (4.0.1)
  - Kingfisher (3.1.4)
  - SVProgressHUD (2.0.3)
  - Unbox (2.2.0)

DEPENDENCIES:
  - Alamofire (~> 4.0)
  - Kingfisher (~> 3.0)
  - SVProgressHUD
  - Unbox

SPEC CHECKSUMS:
  Alamofire: 7682d43245de14874acd142ec137b144aa1dd335
  Kingfisher: 6c67e3e57f2d81a9cfdfa25052cd86f33ceac9bb
  SVProgressHUD: b0830714205bea1317ea1a2ebc71e5633af334d4
  Unbox: 03d7128ce429987986bc08d967e9d5e0da158946

COCOAPODS: 0.39.0
